
Microsoft Visual Studio Solution File, Format Version 12.00
# Visual Studio Version 17
VisualStudioVersion = 17.9.34701.34
MinimumVisualStudioVersion = 10.0.40219.1
Project("{FAE04EC0-301F-11D3-BF4B-00C04F79EFBC}") = "DesafioRocket1", "DesafioRocket1\DesafioRocket1.csproj", "{F50854DB-8FF0-4D37-89B8-68CC597CE10F}"
EndProject
Project("{FAE04EC0-301F-11D3-BF4B-00C04F79EFBC}") = "DesafioRocket2", "DesafioRocket2\DesafioRocket2.csproj", "{66C76460-A228-46D0-AC0A-EC886D0DC885}"
EndProject
Project("{FAE04EC0-301F-11D3-BF4B-00C04F79EFBC}") = "DesafioRocket3", "DesafioRocket3\DesafioRocket3.csproj", "{974C2ABD-3477-4AF1-AAC9-B44B0F309D1B}"
EndProject
Project("{FAE04EC0-301F-11D3-BF4B-00C04F79EFBC}") = "DesafioRocket4", "DesafioRocket4\DesafioRocket4.csproj", "{F3D7B331-6E9E-47A8-8C9F-936E3F2E325A}"
EndProject
Project("{FAE04EC0-301F-11D3-BF4B-00C04F79EFBC}") = "DesafioRocket5", "DesafioRocket5\DesafioRocket5.csproj", "{71B9F013-1AF7-4B6B-AD3B-908CEC7A3146}"
EndProject
Project("{FAE04EC0-301F-11D3-BF4B-00C04F79EFBC}") = "DesafioRocket6", "DesafioRocket6\DesafioRocket6.csproj", "{3EE0FFE1-ABA7-4BB6-BCD9-9621CB776BD0}"
EndProject
Global
	GlobalSection(SolutionConfigurationPlatforms) = preSolution
		Debug|Any CPU = Debug|Any CPU
		Release|Any CPU = Release|Any CPU
	EndGlobalSection
	GlobalSection(ProjectConfigurationPlatforms) = postSolution
		{F50854DB-8FF0-4D37-89B8-68CC597CE10F}.Debug|Any CPU.ActiveCfg = Debug|Any CPU
		{F50854DB-8FF0-4D37-89B8-68CC597CE10F}.Debug|Any CPU.Build.0 = Debug|Any CPU
		{F50854DB-8FF0-4D37-89B8-68CC597CE10F}.Release|Any CPU.ActiveCfg = Release|Any CPU
		{F50854DB-8FF0-4D37-89B8-68CC597CE10F}.Release|Any CPU.Build.0 = Release|Any CPU
		{66C76460-A228-46D0-AC0A-EC886D0DC885}.Debug|Any CPU.ActiveCfg = Debug|Any CPU
		{66C76460-A228-46D0-AC0A-EC886D0DC885}.Debug|Any CPU.Build.0 = Debug|Any CPU
		{66C76460-A228-46D0-AC0A-EC886D0DC885}.Release|Any CPU.ActiveCfg = Release|Any CPU
		{66C76460-A228-46D0-AC0A-EC886D0DC885}.Release|Any CPU.Build.0 = Release|Any CPU
		{974C2ABD-3477-4AF1-AAC9-B44B0F309D1B}.Debug|Any CPU.ActiveCfg = Debug|Any CPU
		{974C2ABD-3477-4AF1-AAC9-B44B0F309D1B}.Debug|Any CPU.Build.0 = Debug|Any CPU
		{974C2ABD-3477-4AF1-AAC9-B44B0F309D1B}.Release|Any CPU.ActiveCfg = Release|Any CPU
		{974C2ABD-3477-4AF1-AAC9-B44B0F309D1B}.Release|Any CPU.Build.0 = Release|Any CPU
		{F3D7B331-6E9E-47A8-8C9F-936E3F2E325A}.Debug|Any CPU.ActiveCfg = Debug|Any CPU
		{F3D7B331-6E9E-47A8-8C9F-936E3F2E325A}.Debug|Any CPU.Build.0 = Debug|Any CPU
		{F3D7B331-6E9E-47A8-8C9F-936E3F2E325A}.Release|Any CPU.ActiveCfg = Release|Any CPU
		{F3D7B331-6E9E-47A8-8C9F-936E3F2E325A}.Release|Any CPU.Build.0 = Release|Any CPU
		{71B9F013-1AF7-4B6B-AD3B-908CEC7A3146}.Debug|Any CPU.ActiveCfg = Debug|Any CPU
		{71B9F013-1AF7-4B6B-AD3B-908CEC7A3146}.Debug|Any CPU.Build.0 = Debug|Any CPU
		{71B9F013-1AF7-4B6B-AD3B-908CEC7A3146}.Release|Any CPU.ActiveCfg = Release|Any CPU
		{71B9F013-1AF7-4B6B-AD3B-908CEC7A3146}.Release|Any CPU.Build.0 = Release|Any CPU
		{3EE0FFE1-ABA7-4BB6-BCD9-9621CB776BD0}.Debug|Any CPU.ActiveCfg = Debug|Any CPU
		{3EE0FFE1-ABA7-4BB6-BCD9-9621CB776BD0}.Debug|Any CPU.Build.0 = Debug|Any CPU
		{3EE0FFE1-ABA7-4BB6-BCD9-9621CB776BD0}.Release|Any CPU.ActiveCfg = Release|Any CPU
		{3EE0FFE1-ABA7-4BB6-BCD9-9621CB776BD0}.Release|Any CPU.Build.0 = Release|Any CPU
	EndGlobalSection
	GlobalSection(SolutionProperties) = preSolution
		HideSolutionNode = FALSE
	EndGlobalSection
	GlobalSection(ExtensibilityGlobals) = postSolution
		SolutionGuid = {3BB835CC-BCA8-4FA3-99B4-0EC6DE5E4429}
	EndGlobalSection
EndGlobal
